
Microsoft Visual Studio Solution File, Format Version 12.00
# Visual Studio Version 16
VisualStudioVersion = 16.0.30204.135
MinimumVisualStudioVersion = 10.0.40219.1
Project("{4DF76451-A46A-4C0B-BE03-459FAAFA07E6}") = "cw_rest", "cw_rest.mproj", "{C8C13D24-2937-4CAD-BBC4-F999C6AFE0CE}"
EndProject
Global
	GlobalSection(SolutionConfigurationPlatforms) = preSolution
		Debug|x86 = Debug|x86
		Release|x86 = Release|x86
	EndGlobalSection
	GlobalSection(ProjectConfigurationPlatforms) = postSolution
		{C8C13D24-2937-4CAD-BBC4-F999C6AFE0CE}.Debug|x86.ActiveCfg = Debug|x86
		{C8C13D24-2937-4CAD-BBC4-F999C6AFE0CE}.Debug|x86.Build.0 = Debug|x86
		{C8C13D24-2937-4CAD-BBC4-F999C6AFE0CE}.Release|x86.ActiveCfg = Release|x86
		{C8C13D24-2937-4CAD-BBC4-F999C6AFE0CE}.Release|x86.Build.0 = Release|x86
	EndGlobalSection
	GlobalSection(SolutionProperties) = preSolution
		HideSolutionNode = FALSE
	EndGlobalSection
	GlobalSection(ExtensibilityGlobals) = postSolution
		SolutionGuid = {445A6878-3306-47EB-A4A8-2B6E172B8AB1}
	EndGlobalSection
EndGlobal
